
Microsoft Visual Studio Solution File, Format Version 12.00
# Visual Studio 2012
Project("{FAE04EC0-301F-11D3-BF4B-00C04F79EFBC}") = "TDAmeritradeNet", "TDAmeritradeNet\TDAmeritradeNet.csproj", "{E9F5C018-58E9-4956-BF27-4D09DE0922A4}"
EndProject
Project("{FAE04EC0-301F-11D3-BF4B-00C04F79EFBC}") = "APITest", "APITest\APITest.csproj", "{02AB2AEC-067B-4288-A162-F25EF448E5B8}"
EndProject
Global
	GlobalSection(SolutionConfigurationPlatforms) = preSolution
		Debug|Any CPU = Debug|Any CPU
		Release|Any CPU = Release|Any CPU
	EndGlobalSection
	GlobalSection(ProjectConfigurationPlatforms) = postSolution
		{E9F5C018-58E9-4956-BF27-4D09DE0922A4}.Debug|Any CPU.ActiveCfg = Debug|Any CPU
		{E9F5C018-58E9-4956-BF27-4D09DE0922A4}.Debug|Any CPU.Build.0 = Debug|Any CPU
		{E9F5C018-58E9-4956-BF27-4D09DE0922A4}.Release|Any CPU.ActiveCfg = Release|Any CPU
		{E9F5C018-58E9-4956-BF27-4D09DE0922A4}.Release|Any CPU.Build.0 = Release|Any CPU
		{02AB2AEC-067B-4288-A162-F25EF448E5B8}.Debug|Any CPU.ActiveCfg = Debug|Any CPU
		{02AB2AEC-067B-4288-A162-F25EF448E5B8}.Debug|Any CPU.Build.0 = Debug|Any CPU
		{02AB2AEC-067B-4288-A162-F25EF448E5B8}.Release|Any CPU.ActiveCfg = Release|Any CPU
		{02AB2AEC-067B-4288-A162-F25EF448E5B8}.Release|Any CPU.Build.0 = Release|Any CPU
	EndGlobalSection
	GlobalSection(SolutionProperties) = preSolution
		HideSolutionNode = FALSE
	EndGlobalSection
EndGlobal
