
Microsoft Visual Studio Solution File, Format Version 9.00
# Visual Studio 2005
Project("{FAE04EC0-301F-11D3-BF4B-00C04F79EFBC}") = "AMTD_Test_API", "AMTD_Test_API\AMTD_Test_API.csproj", "{94D82A09-0D7B-4622-A4AB-4755CE3F405B}"
EndProject
Global
	GlobalSection(SolutionConfigurationPlatforms) = preSolution
		Debug|Any CPU = Debug|Any CPU
		Release|Any CPU = Release|Any CPU
	EndGlobalSection
	GlobalSection(ProjectConfigurationPlatforms) = postSolution
		{94D82A09-0D7B-4622-A4AB-4755CE3F405B}.Debug|Any CPU.ActiveCfg = Debug|Any CPU
		{94D82A09-0D7B-4622-A4AB-4755CE3F405B}.Debug|Any CPU.Build.0 = Debug|Any CPU
		{94D82A09-0D7B-4622-A4AB-4755CE3F405B}.Release|Any CPU.ActiveCfg = Release|Any CPU
		{94D82A09-0D7B-4622-A4AB-4755CE3F405B}.Release|Any CPU.Build.0 = Release|Any CPU
	EndGlobalSection
	GlobalSection(SolutionProperties) = preSolution
		HideSolutionNode = FALSE
	EndGlobalSection
EndGlobal
